
Microsoft Visual Studio Solution File, Format Version 12.00
# Visual Studio Version 17
VisualStudioVersion = 17.8.34330.188
MinimumVisualStudioVersion = 10.0.40219.1
Project("{FAE04EC0-301F-11D3-BF4B-00C04F79EFBC}") = "RadiusCircleAndTriangle", "RadiusCircleAndTriangle\RadiusCircleAndTriangle.csproj", "{2D2D8D2D-6D07-4339-9EAE-0F60922D082E}"
EndProject
Project("{FAE04EC0-301F-11D3-BF4B-00C04F79EFBC}") = "ExrciseRadCTTest", "ExrciseRadCTTest\ExrciseRadCTTest.csproj", "{BC7C0335-A204-4BCF-8537-5AD8A5C889EE}"
EndProject
Global
	GlobalSection(SolutionConfigurationPlatforms) = preSolution
		Debug|Any CPU = Debug|Any CPU
		Release|Any CPU = Release|Any CPU
	EndGlobalSection
	GlobalSection(ProjectConfigurationPlatforms) = postSolution
		{2D2D8D2D-6D07-4339-9EAE-0F60922D082E}.Debug|Any CPU.ActiveCfg = Debug|Any CPU
		{2D2D8D2D-6D07-4339-9EAE-0F60922D082E}.Debug|Any CPU.Build.0 = Debug|Any CPU
		{2D2D8D2D-6D07-4339-9EAE-0F60922D082E}.Release|Any CPU.ActiveCfg = Release|Any CPU
		{2D2D8D2D-6D07-4339-9EAE-0F60922D082E}.Release|Any CPU.Build.0 = Release|Any CPU
		{BC7C0335-A204-4BCF-8537-5AD8A5C889EE}.Debug|Any CPU.ActiveCfg = Debug|Any CPU
		{BC7C0335-A204-4BCF-8537-5AD8A5C889EE}.Debug|Any CPU.Build.0 = Debug|Any CPU
		{BC7C0335-A204-4BCF-8537-5AD8A5C889EE}.Release|Any CPU.ActiveCfg = Release|Any CPU
		{BC7C0335-A204-4BCF-8537-5AD8A5C889EE}.Release|Any CPU.Build.0 = Release|Any CPU
	EndGlobalSection
	GlobalSection(SolutionProperties) = preSolution
		HideSolutionNode = FALSE
	EndGlobalSection
	GlobalSection(ExtensibilityGlobals) = postSolution
		SolutionGuid = {878E1FBA-E75F-47FC-A949-096872E7B8CE}
	EndGlobalSection
EndGlobal
